// !$*UTF8*$!
{
	archiveVersion = 1;
	classes = {
	};
	objectVersion = 55;
	objects = {

/* Begin PBXBuildFile section */
		DEE62FE829DFC05500022C36 /* ViewController2.swift in Sources */ = {isa = PBXBuildFile; fileRef = DEE62FE729DFC05500022C36 /* ViewController2.swift */; };
		DEF176F529DE9EE700359173 /* AppDelegate.swift in Sources */ = {isa = PBXBuildFile; fileRef = DEF176F429DE9EE700359173 /* AppDelegate.swift */; };
		DEF176F729DE9EE700359173 /* SceneDelegate.swift in Sources */ = {isa = PBXBuildFile; fileRef = DEF176F629DE9EE700359173 /* SceneDelegate.swift */; };
		DEF176F929DE9EE700359173 /* ViewController.swift in Sources */ = {isa = PBXBuildFile; fileRef = DEF176F829DE9EE700359173 /* ViewController.swift */; };
		DEF176FC29DE9EE700359173 /* Main.storyboard in Resources */ = {isa = PBXBuildFile; fileRef = DEF176FA29DE9EE700359173 /* Main.storyboard */; };
		DEF176FF29DE9EE700359173 /* coreDataBAse.xcdatamodeld in Sources */ = {isa = PBXBuildFile; fileRef = DEF176FD29DE9EE700359173 /* coreDataBAse.xcdatamodeld */; };
		DEF1770129DE9EE800359173 /* Assets.xcassets in Resources */ = {isa = PBXBuildFile; fileRef = DEF1770029DE9EE800359173 /* Assets.xcassets */; };
		DEF1770429DE9EE800359173 /* LaunchScreen.storyboard in Resources */ = {isa = PBXBuildFile; fileRef = DEF1770229DE9EE800359173 /* LaunchScreen.storyboard */; };
/* End PBXBuildFile section */

/* Begin PBXFileReference section */
		DEE62FE729DFC05500022C36 /* ViewController2.swift */ = {isa = PBXFileReference; lastKnownFileType = sourcecode.swift; path = ViewController2.swift; sourceTree = "<group>"; };
		DEF176F129DE9EE700359173 /* coreDataBAse.app */ = {isa = PBXFileReference; explicitFileType = wrapper.application; includeInIndex = 0; path = coreDataBAse.app; sourceTree = BUILT_PRODUCTS_DIR; };
		DEF176F429DE9EE700359173 /* AppDelegate.swift */ = {isa = PBXFileReference; lastKnownFileType = sourcecode.swift; path = AppDelegate.swift; sourceTree = "<group>"; };
		DEF176F629DE9EE700359173 /* SceneDelegate.swift */ = {isa = PBXFileReference; lastKnownFileType = sourcecode.swift; path = SceneDelegate.swift; sourceTree = "<group>"; };
		DEF176F829DE9EE700359173 /* ViewController.swift */ = {isa = PBXFileReference; lastKnownFileType = sourcecode.swift; path = ViewController.swift; sourceTree = "<group>"; };
		DEF176FB29DE9EE700359173 /* Base */ = {isa = PBXFileReference; lastKnownFileType = file.storyboard; name = Base; path = Base.lproj/Main.storyboard; sourceTree = "<group>"; };
		DEF176FE29DE9EE700359173 /* coreDataBAse.xcdatamodel */ = {isa = PBXFileReference; lastKnownFileType = wrapper.xcdatamodel; path = coreDataBAse.xcdatamodel; sourceTree = "<group>"; };
		DEF1770029DE9EE800359173 /* Assets.xcassets */ = {isa = PBXFileReference; lastKnownFileType = folder.assetcatalog; path = Assets.xcassets; sourceTree = "<group>"; };
		DEF1770329DE9EE800359173 /* Base */ = {isa = PBXFileReference; lastKnownFileType = file.storyboard; name = Base; path = Base.lproj/LaunchScreen.storyboard; sourceTree = "<group>"; };
		DEF1770529DE9EE800359173 /* Info.plist */ = {isa = PBXFileReference; lastKnownFileType = text.plist.xml; path = Info.plist; sourceTree = "<group>"; };
/* End PBXFileReference section */

/* Begin PBXFrameworksBuildPhase section */
		DEF176EE29DE9EE700359173 /* Frameworks */ = {
			isa = PBXFrameworksBuildPhase;
			buildActionMask = 2147483647;
			files = (
			);
			runOnlyForDeploymentPostprocessing = 0;
		};
/* End PBXFrameworksBuildPhase section */

/* Begin PBXGroup section */
		DEF176E829DE9EE700359173 = {
			isa = PBXGroup;
			children = (
				DEF176F329DE9EE700359173 /* coreDataBAse */,
				DEF176F229DE9EE700359173 /* Products */,
			);
			sourceTree = "<group>";
		};
		DEF176F229DE9EE700359173 /* Products */ = {
			isa = PBXGroup;
			children = (
				DEF176F129DE9EE700359173 /* coreDataBAse.app */,
			);
			name = Products;
			sourceTree = "<group>";
		};
		DEF176F329DE9EE700359173 /* coreDataBAse */ = {
			isa = PBXGroup;
			children = (
				DEF176F429DE9EE700359173 /* AppDelegate.swift */,
				DEF176F629DE9EE700359173 /* SceneDelegate.swift */,
				DEF176F829DE9EE700359173 /* ViewController.swift */,
				DEF176FA29DE9EE700359173 /* Main.storyboard */,
				DEE62FE729DFC05500022C36 /* ViewController2.swift */,
				DEF1770029DE9EE800359173 /* Assets.xcassets */,
				DEF1770229DE9EE800359173 /* LaunchScreen.storyboard */,
				DEF1770529DE9EE800359173 /* Info.plist */,
				DEF176FD29DE9EE700359173 /* coreDataBAse.xcdatamodeld */,
			);
			path = coreDataBAse;
			sourceTree = "<group>";
		};
/* End PBXGroup section */

/* Begin PBXNativeTarget section */
		DEF176F029DE9EE700359173 /* coreDataBAse */ = {
			isa = PBXNativeTarget;
			buildConfigurationList = DEF1770829DE9EE800359173 /* Build configuration list for PBXNativeTarget "coreDataBAse" */;
			buildPhases = (
				DEF176ED29DE9EE700359173 /* Sources */,
				DEF176EE29DE9EE700359173 /* Frameworks */,
				DEF176EF29DE9EE700359173 /* Resources */,
			);
			buildRules = (
			);
			dependencies = (
			);
			name = coreDataBAse;
			productName = coreDataBAse;
			productReference = DEF176F129DE9EE700359173 /* coreDataBAse.app */;
			productType = "com.apple.product-type.application";
		};
/* End PBXNativeTarget section */

/* Begin PBXProject section */
		DEF176E929DE9EE700359173 /* Project object */ = {
			isa = PBXProject;
			attributes = {
				BuildIndependentTargetsInParallel = 1;
				LastSwiftUpdateCheck = 1300;
				LastUpgradeCheck = 1300;
				TargetAttributes = {
					DEF176F029DE9EE700359173 = {
						CreatedOnToolsVersion = 13.0;
					};
				};
			};
			buildConfigurationList = DEF176EC29DE9EE700359173 /* Build configuration list for PBXProject "coreDataBAse" */;
			compatibilityVersion = "Xcode 13.0";
			developmentRegion = en;
			hasScannedForEncodings = 0;
			knownRegions = (
				en,
				Base,
			);
			mainGroup = DEF176E829DE9EE700359173;
			productRefGroup = DEF176F229DE9EE700359173 /* Products */;
			projectDirPath = "";
			projectRoot = "";
			targets = (
				DEF176F029DE9EE700359173 /* coreDataBAse */,
			);
		};
/* End PBXProject section */

/* Begin PBXResourcesBuildPhase section */
		DEF176EF29DE9EE700359173 /* Resources */ = {
			isa = PBXResourcesBuildPhase;
			buildActionMask = 2147483647;
			files = (
				DEF1770429DE9EE800359173 /* LaunchScreen.storyboard in Resources */,
				DEF1770129DE9EE800359173 /* Assets.xcassets in Resources */,
				DEF176FC29DE9EE700359173 /* Main.storyboard in Resources */,
			);
			runOnlyForDeploymentPostprocessing = 0;
		};
/* End PBXResourcesBuildPhase section */

/* Begin PBXSourcesBuildPhase section */
		DEF176ED29DE9EE700359173 /* Sources */ = {
			isa = PBXSourcesBuildPhase;
			buildActionMask = 2147483647;
			files = (
				DEE62FE829DFC05500022C36 /* ViewController2.swift in Sources */,
				DEF176F929DE9EE700359173 /* ViewController.swift in Sources */,
				DEF176F529DE9EE700359173 /* AppDelegate.swift in Sources */,
				DEF176F729DE9EE700359173 /* SceneDelegate.swift in Sources */,
				DEF176FF29DE9EE700359173 /* coreDataBAse.xcdatamodeld in Sources */,
			);
			runOnlyForDeploymentPostprocessing = 0;
		};
/* End PBXSourcesBuildPhase section */

/* Begin PBXVariantGroup section */
		DEF176FA29DE9EE700359173 /* Main.storyboard */ = {
			isa = PBXVariantGroup;
			children = (
				DEF176FB29DE9EE700359173 /* Base */,
			);
			name = Main.storyboard;
			sourceTree = "<group>";
		};
		DEF1770229DE9EE800359173 /* LaunchScreen.storyboard */ = {
			isa = PBXVariantGroup;
			children = (
				DEF1770329DE9EE800359173 /* Base */,
			);
			name = LaunchScreen.storyboard;
			sourceTree = "<group>";
		};
/* End PBXVariantGroup section */

/* Begin XCBuildConfiguration section */
		DEF1770629DE9EE800359173 /* Debug */ = {
			isa = XCBuildConfiguration;
			buildSettings = {
				ALWAYS_SEARCH_USER_PATHS = NO;
				CLANG_ANALYZER_NONNULL = YES;
				CLANG_ANALYZER_NUMBER_OBJECT_CONVERSION = YES_AGGRESSIVE;
				CLANG_CXX_LANGUAGE_STANDARD = "gnu++17";
				CLANG_CXX_LIBRARY = "libc++";
				CLANG_ENABLE_MODULES = YES;
				CLANG_ENABLE_OBJC_ARC = YES;
				CLANG_ENABLE_OBJC_WEAK = YES;
				CLANG_WARN_BLOCK_CAPTURE_AUTORELEASING = YES;
				CLANG_WARN_BOOL_CONVERSION = YES;
				CLANG_WARN_COMMA = YES;
				CLANG_WARN_CONSTANT_CONVERSION = YES;
				CLANG_WARN_DEPRECATED_OBJC_IMPLEMENTATIONS = YES;
				CLANG_WARN_DIRECT_OBJC_ISA_USAGE = YES_ERROR;
				CLANG_WARN_DOCUMENTATION_COMMENTS = YES;
				CLANG_WARN_EMPTY_BODY = YES;
				CLANG_WARN_ENUM_CONVERSION = YES;
				CLANG_WARN_INFINITE_RECURSION = YES;
				CLANG_WARN_INT_CONVERSION = YES;
				CLANG_WARN_NON_LITERAL_NULL_CONVERSION = YES;
				CLANG_WARN_OBJC_IMPLICIT_RETAIN_SELF = YES;
				CLANG_WARN_OBJC_LITERAL_CONVERSION = YES;
				CLANG_WARN_OBJC_ROOT_CLASS = YES_ERROR;
				CLANG_WARN_QUOTED_INCLUDE_IN_FRAMEWORK_HEADER = YES;
				CLANG_WARN_RANGE_LOOP_ANALYSIS = YES;
				CLANG_WARN_STRICT_PROTOTYPES = YES;
				CLANG_WARN_SUSPICIOUS_MOVE = YES;
				CLANG_WARN_UNGUARDED_AVAILABILITY = YES_AGGRESSIVE;
				CLANG_WARN_UNREACHABLE_CODE = YES;
				CLANG_WARN__DUPLICATE_METHOD_MATCH = YES;
				COPY_PHASE_STRIP = NO;
				DEBUG_INFORMATION_FORMAT = dwarf;
				ENABLE_STRICT_OBJC_MSGSEND = YES;
				ENABLE_TESTABILITY = YES;
				GCC_C_LANGUAGE_STANDARD = gnu11;
				GCC_DYNAMIC_NO_PIC = NO;
				GCC_NO_COMMON_BLOCKS = YES;
				GCC_OPTIMIZATION_LEVEL = 0;
				GCC_PREPROCESSOR_DEFINITIONS = (
					"DEBUG=1",
					"$(inherited)",
				);
				GCC_WARN_64_TO_32_BIT_CONVERSION = YES;
				GCC_WARN_ABOUT_RETURN_TYPE = YES_ERROR;
				GCC_WARN_UNDECLARED_SELECTOR = YES;
				GCC_WARN_UNINITIALIZED_AUTOS = YES_AGGRESSIVE;
				GCC_WARN_UNUSED_FUNCTION = YES;
				GCC_WARN_UNUSED_VARIABLE = YES;
				IPHONEOS_DEPLOYMENT_TARGET = 15.0;
				MTL_ENABLE_DEBUG_INFO = INCLUDE_SOURCE;
				MTL_FAST_MATH = YES;
				ONLY_ACTIVE_ARCH = YES;
				SDKROOT = iphoneos;
				SWIFT_ACTIVE_COMPILATION_CONDITIONS = DEBUG;
				SWIFT_OPTIMIZATION_LEVEL = "-Onone";
			};
			name = Debug;
		};
		DEF1770729DE9EE800359173 /* Release */ = {
			isa = XCBuildConfiguration;
			buildSettings = {
				ALWAYS_SEARCH_USER_PATHS = NO;
				CLANG_ANALYZER_NONNULL = YES;
				CLANG_ANALYZER_NUMBER_OBJECT_CONVERSION = YES_AGGRESSIVE;
				CLANG_CXX_LANGUAGE_STANDARD = "gnu++17";
				CLANG_CXX_LIBRARY = "libc++";
				CLANG_ENABLE_MODULES = YES;
				CLANG_ENABLE_OBJC_ARC = YES;
				CLANG_ENABLE_OBJC_WEAK = YES;
				CLANG_WARN_BLOCK_CAPTURE_AUTORELEASING = YES;
				CLANG_WARN_BOOL_CONVERSION = YES;
				CLANG_WARN_COMMA = YES;
				CLANG_WARN_CONSTANT_CONVERSION = YES;
				CLANG_WARN_DEPRECATED_OBJC_IMPLEMENTATIONS = YES;
				CLANG_WARN_DIRECT_OBJC_ISA_USAGE = YES_ERROR;
				CLANG_WARN_DOCUMENTATION_COMMENTS = YES;
				CLANG_WARN_EMPTY_BODY = YES;
				CLANG_WARN_ENUM_CONVERSION = YES;
				CLANG_WARN_INFINITE_RECURSION = YES;
				CLANG_WARN_INT_CONVERSION = YES;
				CLANG_WARN_NON_LITERAL_NULL_CONVERSION = YES;
				CLANG_WARN_OBJC_IMPLICIT_RETAIN_SELF = YES;
				CLANG_WARN_OBJC_LITERAL_CONVERSION = YES;
				CLANG_WARN_OBJC_ROOT_CLASS = YES_ERROR;
				CLANG_WARN_QUOTED_INCLUDE_IN_FRAMEWORK_HEADER = YES;
				CLANG_WARN_RANGE_LOOP_ANALYSIS = YES;
				CLANG_WARN_STRICT_PROTOTYPES = YES;
				CLANG_WARN_SUSPICIOUS_MOVE = YES;
				CLANG_WARN_UNGUARDED_AVAILABILITY = YES_AGGRESSIVE;
				CLANG_WARN_UNREACHABLE_CODE = YES;
				CLANG_WARN__DUPLICATE_METHOD_MATCH = YES;
				COPY_PHASE_STRIP = NO;
				DEBUG_INFORMATION_FORMAT = "dwarf-with-dsym";
				ENABLE_NS_ASSERTIONS = NO;
				ENABLE_STRICT_OBJC_MSGSEND = YES;
				GCC_C_LANGUAGE_STANDARD = gnu11;
				GCC_NO_COMMON_BLOCKS = YES;
				GCC_WARN_64_TO_32_BIT_CONVERSION = YES;
				GCC_WARN_ABOUT_RETURN_TYPE = YES_ERROR;
				GCC_WARN_UNDECLARED_SELECTOR = YES;
				GCC_WARN_UNINITIALIZED_AUTOS = YES_AGGRESSIVE;
				GCC_WARN_UNUSED_FUNCTION = YES;
				GCC_WARN_UNUSED_VARIABLE = YES;
				IPHONEOS_DEPLOYMENT_TARGET = 15.0;
				MTL_ENABLE_DEBUG_INFO = NO;
				MTL_FAST_MATH = YES;
				SDKROOT = iphoneos;
				SWIFT_COMPILATION_MODE = wholemodule;
				SWIFT_OPTIMIZATION_LEVEL = "-O";
				VALIDATE_PRODUCT = YES;
			};
			name = Release;
		};
		DEF1770929DE9EE800359173 /* Debug */ = {
			isa = XCBuildConfiguration;
			buildSettings = {
				ASSETCATALOG_COMPILER_APPICON_NAME = AppIcon;
				ASSETCATALOG_COMPILER_GLOBAL_ACCENT_COLOR_NAME = AccentColor;
				CODE_SIGN_STYLE = Automatic;
				CURRENT_PROJECT_VERSION = 1;
				GENERATE_INFOPLIST_FILE = YES;
				INFOPLIST_FILE = coreDataBAse/Info.plist;
				INFOPLIST_KEY_UIApplicationSupportsIndirectInputEvents = YES;
				INFOPLIST_KEY_UILaunchStoryboardName = LaunchScreen;
				INFOPLIST_KEY_UIMainStoryboardFile = Main;
				INFOPLIST_KEY_UISupportedInterfaceOrientations_iPad = "UIInterfaceOrientationPortrait UIInterfaceOrientationPortraitUpsideDown UIInterfaceOrientationLandscapeLeft UIInterfaceOrientationLandscapeRight";
				INFOPLIST_KEY_UISupportedInterfaceOrientations_iPhone = "UIInterfaceOrientationPortrait UIInterfaceOrientationLandscapeLeft UIInterfaceOrientationLandscapeRight";
				LD_RUNPATH_SEARCH_PATHS = (
					"$(inherited)",
					"@executable_path/Frameworks",
				);
				MARKETING_VERSION = 1.0;
				PRODUCT_BUNDLE_IDENTIFIER = com.info.coreDataBAse;
				PRODUCT_NAME = "$(TARGET_NAME)";
				SWIFT_EMIT_LOC_STRINGS = YES;
				SWIFT_VERSION = 5.0;
				TARGETED_DEVICE_FAMILY = "1,2";
			};
			name = Debug;
		};
		DEF1770A29DE9EE800359173 /* Release */ = {
			isa = XCBuildConfiguration;
			buildSettings = {
				ASSETCATALOG_COMPILER_APPICON_NAME = AppIcon;
				ASSETCATALOG_COMPILER_GLOBAL_ACCENT_COLOR_NAME = AccentColor;
				CODE_SIGN_STYLE = Automatic;
				CURRENT_PROJECT_VERSION = 1;
				GENERATE_INFOPLIST_FILE = YES;
				INFOPLIST_FILE = coreDataBAse/Info.plist;
				INFOPLIST_KEY_UIApplicationSupportsIndirectInputEvents = YES;
				INFOPLIST_KEY_UILaunchStoryboardName = LaunchScreen;
				INFOPLIST_KEY_UIMainStoryboardFile = Main;
				INFOPLIST_KEY_UISupportedInterfaceOrientations_iPad = "UIInterfaceOrientationPortrait UIInterfaceOrientationPortraitUpsideDown UIInterfaceOrientationLandscapeLeft UIInterfaceOrientationLandscapeRight";
				INFOPLIST_KEY_UISupportedInterfaceOrientations_iPhone = "UIInterfaceOrientationPortrait UIInterfaceOrientationLandscapeLeft UIInterfaceOrientationLandscapeRight";
				LD_RUNPATH_SEARCH_PATHS = (
					"$(inherited)",
					"@executable_path/Frameworks",
				);
				MARKETING_VERSION = 1.0;
				PRODUCT_BUNDLE_IDENTIFIER = com.info.coreDataBAse;
				PRODUCT_NAME = "$(TARGET_NAME)";
				SWIFT_EMIT_LOC_STRINGS = YES;
				SWIFT_VERSION = 5.0;
				TARGETED_DEVICE_FAMILY = "1,2";
			};
			name = Release;
		};
/* End XCBuildConfiguration section */

/* Begin XCConfigurationList section */
		DEF176EC29DE9EE700359173 /* Build configuration list for PBXProject "coreDataBAse" */ = {
			isa = XCConfigurationList;
			buildConfigurations = (
				DEF1770629DE9EE800359173 /* Debug */,
				DEF1770729DE9EE800359173 /* Release */,
			);
			defaultConfigurationIsVisible = 0;
			defaultConfigurationName = Release;
		};
		DEF1770829DE9EE800359173 /* Build configuration list for PBXNativeTarget "coreDataBAse" */ = {
			isa = XCConfigurationList;
			buildConfigurations = (
				DEF1770929DE9EE800359173 /* Debug */,
				DEF1770A29DE9EE800359173 /* Release */,
			);
			defaultConfigurationIsVisible = 0;
			defaultConfigurationName = Release;
		};
/* End XCConfigurationList section */

/* Begin XCVersionGroup section */
		DEF176FD29DE9EE700359173 /* coreDataBAse.xcdatamodeld */ = {
			isa = XCVersionGroup;
			children = (
				DEF176FE29DE9EE700359173 /* coreDataBAse.xcdatamodel */,
			);
			currentVersion = DEF176FE29DE9EE700359173 /* coreDataBAse.xcdatamodel */;
			path = coreDataBAse.xcdatamodeld;
			sourceTree = "<group>";
			versionGroupType = wrapper.xcdatamodel;
		};
/* End XCVersionGroup section */
	};
	rootObject = DEF176E929DE9EE700359173 /* Project object */;
}
